
Microsoft Visual Studio Solution File, Format Version 12.00
Project("{2150E333-8FDC-42A3-9474-1A3956D46DE8}") = "API", "API", "{E07217CB-350B-4C47-9E8F-BF6295430C8E}"
EndProject
Project("{2150E333-8FDC-42A3-9474-1A3956D46DE8}") = "Front", "Front", "{73AA1243-0CE1-45E4-92CE-313527DD7930}"
EndProject
Project("{FAE04EC0-301F-11D3-BF4B-00C04F79EFBC}") = "MyAPI", "MyAPI\MyAPI.csproj", "{15B8C643-8FF5-4AB6-B94D-3363A5D744B8}"
EndProject
Global
	GlobalSection(SolutionConfigurationPlatforms) = preSolution
		Debug|Any CPU = Debug|Any CPU
		Release|Any CPU = Release|Any CPU
	EndGlobalSection
	GlobalSection(NestedProjects) = preSolution
		{15B8C643-8FF5-4AB6-B94D-3363A5D744B8} = {E07217CB-350B-4C47-9E8F-BF6295430C8E}
	EndGlobalSection
	GlobalSection(ProjectConfigurationPlatforms) = postSolution
		{15B8C643-8FF5-4AB6-B94D-3363A5D744B8}.Debug|Any CPU.ActiveCfg = Debug|Any CPU
		{15B8C643-8FF5-4AB6-B94D-3363A5D744B8}.Debug|Any CPU.Build.0 = Debug|Any CPU
		{15B8C643-8FF5-4AB6-B94D-3363A5D744B8}.Release|Any CPU.ActiveCfg = Release|Any CPU
		{15B8C643-8FF5-4AB6-B94D-3363A5D744B8}.Release|Any CPU.Build.0 = Release|Any CPU
	EndGlobalSection
EndGlobal
